
Microsoft Visual Studio Solution File, Format Version 12.00
# Visual Studio Version 16
VisualStudioVersion = 16.0.29409.12
MinimumVisualStudioVersion = 10.0.40219.1
Project("{FAE04EC0-301F-11D3-BF4B-00C04F79EFBC}") = "Code-Review", "Code-Review\Code-Review.csproj", "{106950BA-83C4-456B-A11D-CE0E7892687B}"
EndProject
Project("{FAE04EC0-301F-11D3-BF4B-00C04F79EFBC}") = "Code-Review-Tests", "Code-Review-Tests\Code-Review-Tests.csproj", "{2805B55C-AE5A-435C-920F-EF2C02649CEC}"
EndProject
Global
	GlobalSection(SolutionConfigurationPlatforms) = preSolution
		Debug|Any CPU = Debug|Any CPU
		Release|Any CPU = Release|Any CPU
	EndGlobalSection
	GlobalSection(ProjectConfigurationPlatforms) = postSolution
		{106950BA-83C4-456B-A11D-CE0E7892687B}.Debug|Any CPU.ActiveCfg = Debug|Any CPU
		{106950BA-83C4-456B-A11D-CE0E7892687B}.Debug|Any CPU.Build.0 = Debug|Any CPU
		{106950BA-83C4-456B-A11D-CE0E7892687B}.Release|Any CPU.ActiveCfg = Release|Any CPU
		{106950BA-83C4-456B-A11D-CE0E7892687B}.Release|Any CPU.Build.0 = Release|Any CPU
		{2805B55C-AE5A-435C-920F-EF2C02649CEC}.Debug|Any CPU.ActiveCfg = Debug|Any CPU
		{2805B55C-AE5A-435C-920F-EF2C02649CEC}.Debug|Any CPU.Build.0 = Debug|Any CPU
		{2805B55C-AE5A-435C-920F-EF2C02649CEC}.Release|Any CPU.ActiveCfg = Release|Any CPU
		{2805B55C-AE5A-435C-920F-EF2C02649CEC}.Release|Any CPU.Build.0 = Release|Any CPU
	EndGlobalSection
	GlobalSection(SolutionProperties) = preSolution
		HideSolutionNode = FALSE
	EndGlobalSection
	GlobalSection(ExtensibilityGlobals) = postSolution
		SolutionGuid = {CBAB34EC-61A0-435F-A61C-0FF0CB5F19FF}
	EndGlobalSection
EndGlobal
